
Microsoft Visual Studio Solution File, Format Version 12.00
# Visual Studio Version 17
VisualStudioVersion = 17.4.33213.308
MinimumVisualStudioVersion = 10.0.40219.1
Project("{9A19103F-16F7-4668-BE54-9A1E7A4F7556}") = "VetClinic.Api", "VetClinic.Api\VetClinic.Api.csproj", "{7049B287-BEE5-4384-A22B-4D04883EE642}"
EndProject
Project("{9A19103F-16F7-4668-BE54-9A1E7A4F7556}") = "VetClinic.DAL", "VetClinic.DAL\VetClinic.DAL.csproj", "{7C9C5E76-1764-4D3D-B621-AB1C3F5E99CB}"
EndProject
Project("{9A19103F-16F7-4668-BE54-9A1E7A4F7556}") = "VetClinic.Core", "VetClinic.Core\VetClinic.Core.csproj", "{EE50F4EB-E103-430E-8842-246EF9539568}"
EndProject
Project("{2150E333-8FDC-42A3-9474-1A3956D46DE8}") = "Solution Items", "Solution Items", "{A61688BE-D2C4-4D1B-875C-64317CB2F9D3}"
EndProject
Project("{9A19103F-16F7-4668-BE54-9A1E7A4F7556}") = "VetClinic.Tests", "VetClinic.Tests\VetClinic.Tests.csproj", "{5783D43E-F6D8-4606-BC82-803060B13AD4}"
EndProject
Project("{9A19103F-16F7-4668-BE54-9A1E7A4F7556}") = "VetClinic.Web", "VetClinic.Web\VetClinic.Web\VetClinic.Web.csproj", "{DA59D53B-F92B-42F7-A35C-A3C020079BB5}"
EndProject
Global
	GlobalSection(SolutionConfigurationPlatforms) = preSolution
		Debug|Any CPU = Debug|Any CPU
		Release|Any CPU = Release|Any CPU
	EndGlobalSection
	GlobalSection(ProjectConfigurationPlatforms) = postSolution
		{7049B287-BEE5-4384-A22B-4D04883EE642}.Debug|Any CPU.ActiveCfg = Debug|Any CPU
		{7049B287-BEE5-4384-A22B-4D04883EE642}.Debug|Any CPU.Build.0 = Debug|Any CPU
		{7049B287-BEE5-4384-A22B-4D04883EE642}.Release|Any CPU.ActiveCfg = Release|Any CPU
		{7049B287-BEE5-4384-A22B-4D04883EE642}.Release|Any CPU.Build.0 = Release|Any CPU
		{7C9C5E76-1764-4D3D-B621-AB1C3F5E99CB}.Debug|Any CPU.ActiveCfg = Debug|Any CPU
		{7C9C5E76-1764-4D3D-B621-AB1C3F5E99CB}.Debug|Any CPU.Build.0 = Debug|Any CPU
		{7C9C5E76-1764-4D3D-B621-AB1C3F5E99CB}.Release|Any CPU.ActiveCfg = Release|Any CPU
		{7C9C5E76-1764-4D3D-B621-AB1C3F5E99CB}.Release|Any CPU.Build.0 = Release|Any CPU
		{EE50F4EB-E103-430E-8842-246EF9539568}.Debug|Any CPU.ActiveCfg = Debug|Any CPU
		{EE50F4EB-E103-430E-8842-246EF9539568}.Debug|Any CPU.Build.0 = Debug|Any CPU
		{EE50F4EB-E103-430E-8842-246EF9539568}.Release|Any CPU.ActiveCfg = Release|Any CPU
		{EE50F4EB-E103-430E-8842-246EF9539568}.Release|Any CPU.Build.0 = Release|Any CPU
		{5783D43E-F6D8-4606-BC82-803060B13AD4}.Debug|Any CPU.ActiveCfg = Debug|Any CPU
		{5783D43E-F6D8-4606-BC82-803060B13AD4}.Debug|Any CPU.Build.0 = Debug|Any CPU
		{5783D43E-F6D8-4606-BC82-803060B13AD4}.Release|Any CPU.ActiveCfg = Release|Any CPU
		{5783D43E-F6D8-4606-BC82-803060B13AD4}.Release|Any CPU.Build.0 = Release|Any CPU
		{DA59D53B-F92B-42F7-A35C-A3C020079BB5}.Debug|Any CPU.ActiveCfg = Debug|Any CPU
		{DA59D53B-F92B-42F7-A35C-A3C020079BB5}.Debug|Any CPU.Build.0 = Debug|Any CPU
		{DA59D53B-F92B-42F7-A35C-A3C020079BB5}.Release|Any CPU.ActiveCfg = Release|Any CPU
		{DA59D53B-F92B-42F7-A35C-A3C020079BB5}.Release|Any CPU.Build.0 = Release|Any CPU
	EndGlobalSection
	GlobalSection(SolutionProperties) = preSolution
		HideSolutionNode = FALSE
	EndGlobalSection
	GlobalSection(ExtensibilityGlobals) = postSolution
		SolutionGuid = {F06C7777-C36D-41DD-B1F5-41E888B2FF55}
	EndGlobalSection
EndGlobal
